<?xml version="1.0" ?>
<ioc xmlns="http://schemas.mandiant.com/2010/ioc" xmlns:xsi="http://www.w3.org/2001/XMLSchema-instance" id="29932b91-22f6-4d32-9170-c994db9b2b08" last-modified="2025-10-14T02:03:29Z" version="1.1" xsi:schemaLocation="http://schemas.mandiant.com/2010/ioc ioc.xsd">
  <short_description>Plugx</short_description>
  <description>Source from ThreatIntel | Severity: High | Family: -</description>
  <keywords>
    <Keyword>- High</Keyword>
  </keywords>
  <authored_by>Radivan</authored_by>
  <authored_date>2025-10-14T02:03:29Z</authored_date>
  <links>
    <Link href="https://otx.alienvault.com/">OTX Reference</Link>
  </links>
  <definition>
    <Indicator operator="OR" id="fb2a3938-a584-4fe4-80d4-c347161cb89a">
      <IndicatorItem id="59426ef8-ab8b-4ddd-bb47-e781ce77d5cd" condition="is">
        <Context search="Network/DestinationAddress/IPv4-addr" type="sigs" doc_namespace="http://schemas.mandiant.com/2010/ioc" doc_name="Network"/>
        <Content type="string">103.136.45.108</Content>
      </IndicatorItem>
      <IndicatorItem id="bc8ca6ee-837f-4b60-9f88-47ff8e7204d1" condition="is">
        <Context search="Network/DestinationAddress/IPv4-addr" type="sigs" doc_namespace="http://schemas.mandiant.com/2010/ioc" doc_name="Network"/>
        <Content type="string">103.172.10.165</Content>
      </IndicatorItem>
      <IndicatorItem id="0d97ff59-94cf-46fb-8c93-06a65b1dc7d2" condition="is">
        <Context search="Network/DestinationAddress/IPv4-addr" type="sigs" doc_namespace="http://schemas.mandiant.com/2010/ioc" doc_name="Network"/>
        <Content type="string">103.9.14.218</Content>
      </IndicatorItem>
      <IndicatorItem id="432c4b47-5616-485d-aad9-6c0d10dde8ed" condition="is">
        <Context search="Network/DestinationAddress/IPv4-addr" type="sigs" doc_namespace="http://schemas.mandiant.com/2010/ioc" doc_name="Network"/>
        <Content type="string">117.239.199.202</Content>
      </IndicatorItem>
      <IndicatorItem id="8f33f2e8-4c82-4842-9c12-2dfbc729fae4" condition="is">
        <Context search="Network/DestinationAddress/IPv4-addr" type="sigs" doc_namespace="http://schemas.mandiant.com/2010/ioc" doc_name="Network"/>
        <Content type="string">117.254.105.200</Content>
      </IndicatorItem>
      <IndicatorItem id="84b9d009-cdd9-49ef-9b65-8ceb13a1a5fe" condition="is">
        <Context search="Network/DestinationAddress/IPv4-addr" type="sigs" doc_namespace="http://schemas.mandiant.com/2010/ioc" doc_name="Network"/>
        <Content type="string">45.114.192.137</Content>
      </IndicatorItem>
    </Indicator>
  </definition>
</ioc>
