<?xml version="1.0" ?>
<ioc xmlns="http://schemas.mandiant.com/2010/ioc" xmlns:xsi="http://www.w3.org/2001/XMLSchema-instance" xmlns:xsd="http://www.w3.org/2001/XMLSchema" id="747ae2f4-d795-4b34-a254-a7470a65ec5c" last-modified="2025-09-03T04:39:22">
  <short_description>Block IP Masa Demo</short_description>
  <description>Block IP Masa DEMO | Severity: High | Family: </description>
  <keywords/>
  <authored_by>Radivan</authored_by>
  <authored_date>2025-09-03T04:39:22</authored_date>
  <links/>
  <definition>
    <Indicator operator="OR" id="72becf42-07a9-4536-872a-d2fcd5886c2a">
      <IndicatorItem id="5a160c77-578a-43d0-85a8-049201e9fe94" condition="is">
        <Context document="Network" search="Network/RemoteIP" type="mir"/>
        <Content type="string">18.202.226.211</Content>
      </IndicatorItem>
      <IndicatorItem id="75499a88-ec60-4baf-a59d-1dc758d2c4f3" condition="is">
        <Context document="Network" search="Network/RemoteIP" type="mir"/>
        <Content type="string">34.229.105.130</Content>
      </IndicatorItem>
      <IndicatorItem id="2207feed-93eb-4628-8cae-c19360d109ce" condition="is">
        <Context document="Network" search="Network/RemoteIP" type="mir"/>
        <Content type="string">13.235.63.45</Content>
      </IndicatorItem>
      <IndicatorItem id="e2e1ea95-9b0f-4a95-8e5a-85d295d2b901" condition="is">
        <Context document="Network" search="Network/RemoteIP" type="mir"/>
        <Content type="string">54.226.226.57</Content>
      </IndicatorItem>
      <IndicatorItem id="9aa96549-ac26-4ebb-98ad-b051760ce0ac" condition="is">
        <Context document="Network" search="Network/RemoteIP" type="mir"/>
        <Content type="string">54.211.79.238</Content>
      </IndicatorItem>
      <IndicatorItem id="5399567e-002d-4096-b92e-a42e9c0c0cc1" condition="is">
        <Context document="Network" search="Network/RemoteIP" type="mir"/>
        <Content type="string">18.234.141.23</Content>
      </IndicatorItem>
      <IndicatorItem id="7a67ab6e-5801-481a-af36-57937190d588" condition="is">
        <Context document="Network" search="Network/RemoteIP" type="mir"/>
        <Content type="string">13.202.44.188</Content>
      </IndicatorItem>
      <IndicatorItem id="e057dbbd-e7e4-478f-b5e2-9ab279fc92c7" condition="is">
        <Context document="Network" search="Network/RemoteIP" type="mir"/>
        <Content type="string">54.156.46.145</Content>
      </IndicatorItem>
      <IndicatorItem id="83a89847-b310-46f7-b8c9-200b0f0f0fff" condition="is">
        <Context document="Network" search="Network/RemoteIP" type="mir"/>
        <Content type="string">44.246.164.177</Content>
      </IndicatorItem>
      <IndicatorItem id="85d0b579-fd73-493c-ad20-a604b8584d0f" condition="is">
        <Context document="Network" search="Network/RemoteIP" type="mir"/>
        <Content type="string">65.1.166.19</Content>
      </IndicatorItem>
      <IndicatorItem id="e92c4986-d3f8-4014-b88f-2b25ea89b114" condition="is">
        <Context document="Network" search="Network/RemoteIP" type="mir"/>
        <Content type="string">18.215.162.215</Content>
      </IndicatorItem>
      <IndicatorItem id="6acc0234-f235-49e1-8a11-bca373102979" condition="is">
        <Context document="Network" search="Network/RemoteIP" type="mir"/>
        <Content type="string">16.176.208.156</Content>
      </IndicatorItem>
      <IndicatorItem id="759b3453-9313-432f-b32a-cefd773bd7d8" condition="is">
        <Context document="Network" search="Network/RemoteIP" type="mir"/>
        <Content type="string">34.243.70.122</Content>
      </IndicatorItem>
      <IndicatorItem id="609008e4-37c9-4bde-a78b-fd363cbd5c17" condition="is">
        <Context document="Network" search="Network/RemoteIP" type="mir"/>
        <Content type="string">34.245.9.169</Content>
      </IndicatorItem>
      <IndicatorItem id="fa040472-953d-458e-b942-e5b9a35ccc54" condition="is">
        <Context document="Network" search="Network/RemoteIP" type="mir"/>
        <Content type="string">13.231.103.128</Content>
      </IndicatorItem>
      <IndicatorItem id="7b5e0183-d7f9-469d-8b0c-932689ef9552" condition="is">
        <Context document="Network" search="Network/RemoteIP" type="mir"/>
        <Content type="string">35.90.168.229</Content>
      </IndicatorItem>
      <IndicatorItem id="09a32183-25bf-471b-bcac-e48835b1eb23" condition="is">
        <Context document="Network" search="Network/RemoteIP" type="mir"/>
        <Content type="string">44.249.141.231</Content>
      </IndicatorItem>
      <IndicatorItem id="85677a8d-13e5-45d2-8899-9758a9d87352" condition="is">
        <Context document="Network" search="Network/RemoteIP" type="mir"/>
        <Content type="string">3.252.159.224</Content>
      </IndicatorItem>
      <IndicatorItem id="63e5fcde-2207-4dec-8a1a-67cd64c45586" condition="is">
        <Context document="Network" search="Network/RemoteIP" type="mir"/>
        <Content type="string">13.60.9.167</Content>
      </IndicatorItem>
      <IndicatorItem id="7c345168-2410-41f0-a890-27041470b2e8" condition="is">
        <Context document="Network" search="Network/RemoteIP" type="mir"/>
        <Content type="string">54.229.161.86</Content>
      </IndicatorItem>
      <IndicatorItem id="dd0a008b-961c-4f69-a8e3-e61ea77dfde8" condition="is">
        <Context document="Network" search="Network/RemoteIP" type="mir"/>
        <Content type="string">34.243.228.117</Content>
      </IndicatorItem>
      <IndicatorItem id="0a6810fc-ce02-44d4-965a-4a7cb95030e7" condition="is">
        <Context document="Network" search="Network/RemoteIP" type="mir"/>
        <Content type="string">54.244.81.54</Content>
      </IndicatorItem>
      <IndicatorItem id="b6ca5fa4-3fb4-4a5f-b5c1-b73e86d151e7" condition="is">
        <Context document="Network" search="Network/RemoteIP" type="mir"/>
        <Content type="string">13.200.253.234</Content>
      </IndicatorItem>
      <IndicatorItem id="210a485c-e1cb-4a44-b59a-3ab0b67895f8" condition="is">
        <Context document="Network" search="Network/RemoteIP" type="mir"/>
        <Content type="string">18.195.43.99</Content>
      </IndicatorItem>
      <IndicatorItem id="3629c43f-2bea-4326-b6cb-20ac4a7c85bd" condition="is">
        <Context document="Network" search="Network/RemoteIP" type="mir"/>
        <Content type="string">13.124.68.15</Content>
      </IndicatorItem>
      <IndicatorItem id="146e54cb-44fd-4b52-b406-8b3d6ad4b024" condition="is">
        <Context document="Network" search="Network/RemoteIP" type="mir"/>
        <Content type="string">13.233.20.139</Content>
      </IndicatorItem>
      <IndicatorItem id="d9c730e0-5699-4371-8740-36e8ef45d4cc" condition="is">
        <Context document="Network" search="Network/RemoteIP" type="mir"/>
        <Content type="string">13.212.148.28</Content>
      </IndicatorItem>
      <IndicatorItem id="be18d911-9536-451d-808f-d09e21f67144" condition="is">
        <Context document="Network" search="Network/RemoteIP" type="mir"/>
        <Content type="string">3.107.232.55</Content>
      </IndicatorItem>
      <IndicatorItem id="b2626e03-11bc-4143-ae1d-91eb0da4f333" condition="is">
        <Context document="Network" search="Network/RemoteIP" type="mir"/>
        <Content type="string">16.176.232.92</Content>
      </IndicatorItem>
      <IndicatorItem id="594792a3-22f2-4e04-9d84-e8ee203adf34" condition="is">
        <Context document="Network" search="Network/RemoteIP" type="mir"/>
        <Content type="string">15.222.29.42</Content>
      </IndicatorItem>
      <IndicatorItem id="08aeaef2-e71a-4317-8175-59e5f7be8f97" condition="is">
        <Context document="Network" search="Network/RemoteIP" type="mir"/>
        <Content type="string">15.237.198.231</Content>
      </IndicatorItem>
      <IndicatorItem id="087327fd-54ab-4503-a55a-98025f164ac8" condition="is">
        <Context document="Network" search="Network/RemoteIP" type="mir"/>
        <Content type="string">16.171.1.70</Content>
      </IndicatorItem>
      <IndicatorItem id="c640adac-f523-4d31-bac3-72a0d0330454" condition="is">
        <Context document="Network" search="Network/RemoteIP" type="mir"/>
        <Content type="string">51.20.249.203</Content>
      </IndicatorItem>
      <IndicatorItem id="ed4b65f1-e6c2-48a7-978d-eeb65efeb7f9" condition="is">
        <Context document="Network" search="Network/RemoteIP" type="mir"/>
        <Content type="string">13.210.42.161</Content>
      </IndicatorItem>
      <IndicatorItem id="e5356824-6da9-46f7-8adc-37f6cd946534" condition="is">
        <Context document="Network" search="Network/RemoteIP" type="mir"/>
        <Content type="string">3.96.206.43</Content>
      </IndicatorItem>
      <IndicatorItem id="2cda0da8-2e16-403f-b3e3-62e7384bec00" condition="is">
        <Context document="Network" search="Network/RemoteIP" type="mir"/>
        <Content type="string">13.239.250.78</Content>
      </IndicatorItem>
      <IndicatorItem id="6eb2e6a8-f4e1-48b9-9470-adaaf21ef52a" condition="is">
        <Context document="Network" search="Network/RemoteIP" type="mir"/>
        <Content type="string">3.112.228.134</Content>
      </IndicatorItem>
      <IndicatorItem id="ebc78925-2d23-445a-b1fa-b054c79c726c" condition="is">
        <Context document="Network" search="Network/RemoteIP" type="mir"/>
        <Content type="string">63.35.217.82</Content>
      </IndicatorItem>
      <IndicatorItem id="49764725-e583-4bff-b433-8f356f6690c1" condition="is">
        <Context document="Network" search="Network/RemoteIP" type="mir"/>
        <Content type="string">3.101.144.70</Content>
      </IndicatorItem>
      <IndicatorItem id="7e156dfc-42fd-44f0-b000-8a85bbf21771" condition="is">
        <Context document="Network" search="Network/RemoteIP" type="mir"/>
        <Content type="string">44.243.57.38</Content>
      </IndicatorItem>
      <IndicatorItem id="e61a9e9c-22bf-4534-94f6-5027b6c4b825" condition="is">
        <Context document="Network" search="Network/RemoteIP" type="mir"/>
        <Content type="string">15.222.3.145</Content>
      </IndicatorItem>
      <IndicatorItem id="7608b4b8-c87b-4d72-a085-46d20c1cec5e" condition="is">
        <Context document="Network" search="Network/RemoteIP" type="mir"/>
        <Content type="string">108.129.141.159</Content>
      </IndicatorItem>
      <IndicatorItem id="a98a61aa-5079-46a0-bff2-cebfcba32f22" condition="is">
        <Context document="Network" search="Network/RemoteIP" type="mir"/>
        <Content type="string">16.16.206.57</Content>
      </IndicatorItem>
      <IndicatorItem id="47e37f1a-5e89-4be5-b5d4-e1a45981f8e9" condition="is">
        <Context document="Network" search="Network/RemoteIP" type="mir"/>
        <Content type="string">15.237.192.100</Content>
      </IndicatorItem>
      <IndicatorItem id="a04fd4c2-cdf5-41b5-a4fd-a8f087a1d34a" condition="is">
        <Context document="Network" search="Network/RemoteIP" type="mir"/>
        <Content type="string">54.180.129.55</Content>
      </IndicatorItem>
      <IndicatorItem id="44272e0b-c82f-4ecd-869f-404bf82d5f05" condition="is">
        <Context document="Network" search="Network/RemoteIP" type="mir"/>
        <Content type="string">13.208.231.240</Content>
      </IndicatorItem>
      <IndicatorItem id="d71c61f6-f859-4183-93b9-390a91df4939" condition="is">
        <Context document="Network" search="Network/RemoteIP" type="mir"/>
        <Content type="string">18.207.157.226</Content>
      </IndicatorItem>
      <IndicatorItem id="b6aa73c4-0083-43cb-834e-9b38c91e34ad" condition="is">
        <Context document="Network" search="Network/RemoteIP" type="mir"/>
        <Content type="string">3.26.75.65</Content>
      </IndicatorItem>
      <IndicatorItem id="9d77cf0b-e624-47b9-af2c-b559c969f263" condition="is">
        <Context document="Network" search="Network/RemoteIP" type="mir"/>
        <Content type="string">107.22.127.2</Content>
      </IndicatorItem>
      <IndicatorItem id="e6de759e-cf4c-4a95-8d35-e6b65c2f11c4" condition="is">
        <Context document="Network" search="Network/RemoteIP" type="mir"/>
        <Content type="string">35.77.66.168</Content>
      </IndicatorItem>
      <IndicatorItem id="fcca12bf-0d0b-4f5a-98e5-fe58fe70cee3" condition="is">
        <Context document="Network" search="Network/RemoteIP" type="mir"/>
        <Content type="string">3.110.165.112</Content>
      </IndicatorItem>
      <IndicatorItem id="66d12f00-ce4f-483b-b618-a6cfc674b961" condition="is">
        <Context document="Network" search="Network/RemoteIP" type="mir"/>
        <Content type="string">34.230.80.17</Content>
      </IndicatorItem>
      <IndicatorItem id="b43687ad-a855-4f2a-b351-4bf7ce0f475c" condition="is">
        <Context document="Network" search="Network/RemoteIP" type="mir"/>
        <Content type="string">34.248.111.215</Content>
      </IndicatorItem>
      <IndicatorItem id="3cc504b8-1fd8-4f90-8b67-d3557f686596" condition="is">
        <Context document="Network" search="Network/RemoteIP" type="mir"/>
        <Content type="string">52.213.222.75</Content>
      </IndicatorItem>
      <IndicatorItem id="1ba1cd0d-1876-486a-b411-b1ea413130a3" condition="is">
        <Context document="Network" search="Network/RemoteIP" type="mir"/>
        <Content type="string">35.90.248.165</Content>
      </IndicatorItem>
      <IndicatorItem id="31f22af4-7eea-4c77-8ae3-77e767a3e80c" condition="is">
        <Context document="Network" search="Network/RemoteIP" type="mir"/>
        <Content type="string">54.238.230.188</Content>
      </IndicatorItem>
      <IndicatorItem id="0d6a20c8-6209-4389-a20b-dac609d986b1" condition="is">
        <Context document="Network" search="Network/RemoteIP" type="mir"/>
        <Content type="string">16.52.88.255</Content>
      </IndicatorItem>
      <IndicatorItem id="a17cc327-cb1d-42f8-8d96-c248e4a1512c" condition="is">
        <Context document="Network" search="Network/RemoteIP" type="mir"/>
        <Content type="string">52.47.83.47</Content>
      </IndicatorItem>
      <IndicatorItem id="e9fdf384-6caf-4c3b-8c56-650541b4b132" condition="is">
        <Context document="Network" search="Network/RemoteIP" type="mir"/>
        <Content type="string">34.234.234.165</Content>
      </IndicatorItem>
      <IndicatorItem id="226c6955-755b-4ebc-9656-dee2248119b4" condition="is">
        <Context document="Network" search="Network/RemoteIP" type="mir"/>
        <Content type="string">51.44.83.58</Content>
      </IndicatorItem>
      <IndicatorItem id="1d5187c4-80eb-4cfe-820f-a6283fb16f6c" condition="is">
        <Context document="Network" search="Network/RemoteIP" type="mir"/>
        <Content type="string">52.79.247.49</Content>
      </IndicatorItem>
      <IndicatorItem id="fdcd4b8e-8fa0-4ff6-9658-1391e4ddfb32" condition="is">
        <Context document="Network" search="Network/RemoteIP" type="mir"/>
        <Content type="string">16.171.1.70</Content>
      </IndicatorItem>
      <IndicatorItem id="5f0b5c1d-de29-4234-b659-cc700952bbf2" condition="is">
        <Context document="Network" search="Network/RemoteIP" type="mir"/>
        <Content type="string">35.179.112.6</Content>
      </IndicatorItem>
      <IndicatorItem id="a5485ab9-ceec-4cf4-a496-207296d9ada6" condition="is">
        <Context document="Network" search="Network/RemoteIP" type="mir"/>
        <Content type="string">35.182.66.121</Content>
      </IndicatorItem>
      <IndicatorItem id="e5ec250a-1eb8-4a79-9e3e-9186cd33178f" condition="is">
        <Context document="Network" search="Network/RemoteIP" type="mir"/>
        <Content type="string">47.128.72.169</Content>
      </IndicatorItem>
      <IndicatorItem id="64e703f9-cdfc-427d-be88-bca0f83d8be5" condition="is">
        <Context document="Network" search="Network/RemoteIP" type="mir"/>
        <Content type="string">18.218.166.222</Content>
      </IndicatorItem>
      <IndicatorItem id="87af6e20-1527-49bf-86b4-2848a626b13b" condition="is">
        <Context document="Network" search="Network/RemoteIP" type="mir"/>
        <Content type="string">18.142.140.55</Content>
      </IndicatorItem>
      <IndicatorItem id="b2849658-d051-4cb7-8726-4a47dcab4cc1" condition="is">
        <Context document="Network" search="Network/RemoteIP" type="mir"/>
        <Content type="string">44.245.22.9</Content>
      </IndicatorItem>
      <IndicatorItem id="6f705729-1282-42ec-9fea-72d099b74d60" condition="is">
        <Context document="Network" search="Network/RemoteIP" type="mir"/>
        <Content type="string">13.114.231.165</Content>
      </IndicatorItem>
      <IndicatorItem id="cf97133a-a626-482c-9464-b7c67de9cd7c" condition="is">
        <Context document="Network" search="Network/RemoteIP" type="mir"/>
        <Content type="string">34.242.144.245</Content>
      </IndicatorItem>
      <IndicatorItem id="2b45a609-172a-4023-ae2c-39107e7989e3" condition="is">
        <Context document="Network" search="Network/RemoteIP" type="mir"/>
        <Content type="string">13.208.210.17</Content>
      </IndicatorItem>
      <IndicatorItem id="723ba322-19cf-4922-b2a5-e5179ee170fa" condition="is">
        <Context document="Network" search="Network/RemoteIP" type="mir"/>
        <Content type="string">15.152.64.227</Content>
      </IndicatorItem>
      <IndicatorItem id="1df6a02a-05fe-43b4-b5b9-77de6bfb1dc9" condition="is">
        <Context document="Network" search="Network/RemoteIP" type="mir"/>
        <Content type="string">52.195.14.154</Content>
      </IndicatorItem>
      <IndicatorItem id="0e2875a4-425a-407b-a8b1-51cf896d17e5" condition="is">
        <Context document="Network" search="Network/RemoteIP" type="mir"/>
        <Content type="string">35.180.120.146</Content>
      </IndicatorItem>
      <IndicatorItem id="6753d093-a3be-4c63-a0f7-fab21b35d979" condition="is">
        <Context document="Network" search="Network/RemoteIP" type="mir"/>
        <Content type="string">3.250.73.244</Content>
      </IndicatorItem>
      <IndicatorItem id="93be48fa-ae0b-4176-8578-ee720148f137" condition="is">
        <Context document="Network" search="Network/RemoteIP" type="mir"/>
        <Content type="string">44.211.235.223</Content>
      </IndicatorItem>
      <IndicatorItem id="ca9b4a26-98f3-4152-a9d0-69c6cc2b362e" condition="is">
        <Context document="Network" search="Network/RemoteIP" type="mir"/>
        <Content type="string">52.194.232.231</Content>
      </IndicatorItem>
      <IndicatorItem id="1df2f7d2-d1ec-4c9f-8af8-7d8b9f5abf3b" condition="is">
        <Context document="Network" search="Network/RemoteIP" type="mir"/>
        <Content type="string">34.220.207.28</Content>
      </IndicatorItem>
      <IndicatorItem id="6ed38306-b87a-47f2-9ca4-4922fa2e1a6b" condition="is">
        <Context document="Network" search="Network/RemoteIP" type="mir"/>
        <Content type="string">54.216.169.242</Content>
      </IndicatorItem>
      <IndicatorItem id="4c980097-227b-423e-b589-77a5d053ffe9" condition="is">
        <Context document="Network" search="Network/RemoteIP" type="mir"/>
        <Content type="string">52.204.132.93</Content>
      </IndicatorItem>
      <IndicatorItem id="ea01f7fe-6d22-4a6e-8655-28ca7a2bc94d" condition="is">
        <Context document="Network" search="Network/RemoteIP" type="mir"/>
        <Content type="string">35.78.78.248</Content>
      </IndicatorItem>
      <IndicatorItem id="7b5dede7-a7ad-48c3-b837-654c11fd3c74" condition="is">
        <Context document="Network" search="Network/RemoteIP" type="mir"/>
        <Content type="string">18.201.26.226</Content>
      </IndicatorItem>
      <IndicatorItem id="57774f83-c8cd-4478-92b7-b1ad79748b8c" condition="is">
        <Context document="Network" search="Network/RemoteIP" type="mir"/>
        <Content type="string">52.58.128.117</Content>
      </IndicatorItem>
      <IndicatorItem id="0d474bc9-fbed-40ec-8b19-e919f6322c9d" condition="is">
        <Context document="Network" search="Network/RemoteIP" type="mir"/>
        <Content type="string">15.222.8.222</Content>
      </IndicatorItem>
      <IndicatorItem id="16541bca-f78e-4bde-9d73-e91907ddda8a" condition="is">
        <Context document="Network" search="Network/RemoteIP" type="mir"/>
        <Content type="string">54.153.110.64</Content>
      </IndicatorItem>
      <IndicatorItem id="5b75ecf2-2b51-41e5-9630-7f3ee772147c" condition="is">
        <Context document="Network" search="Network/RemoteIP" type="mir"/>
        <Content type="string">34.242.234.62</Content>
      </IndicatorItem>
      <IndicatorItem id="0056a1f8-dcef-4009-95d2-16f3fb4e4ff2" condition="is">
        <Context document="Network" search="Network/RemoteIP" type="mir"/>
        <Content type="string">54.229.97.172</Content>
      </IndicatorItem>
      <IndicatorItem id="31f978a9-0cec-4a81-9984-19976746e76f" condition="is">
        <Context document="Network" search="Network/RemoteIP" type="mir"/>
        <Content type="string">13.208.216.189</Content>
      </IndicatorItem>
      <IndicatorItem id="1431f3f6-cf93-4e43-8845-4d334188321d" condition="is">
        <Context document="Network" search="Network/RemoteIP" type="mir"/>
        <Content type="string">43.206.254.32</Content>
      </IndicatorItem>
      <IndicatorItem id="e5cafcaa-cb37-43d4-8167-9fc9c688677e" condition="is">
        <Context document="Network" search="Network/RemoteIP" type="mir"/>
        <Content type="string">3.109.221.24</Content>
      </IndicatorItem>
      <IndicatorItem id="8818c811-87c1-471f-9e42-37e16a9a9706" condition="is">
        <Context document="Network" search="Network/RemoteIP" type="mir"/>
        <Content type="string">18.175.137.246</Content>
      </IndicatorItem>
      <IndicatorItem id="50c7a95d-426a-4c8c-909d-4fb45af176ba" condition="is">
        <Context document="Network" search="Network/RemoteIP" type="mir"/>
        <Content type="string">47.129.129.53</Content>
      </IndicatorItem>
      <IndicatorItem id="822ed047-b4d2-49c7-854a-b7d54801f8c8" condition="is">
        <Context document="Network" search="Network/RemoteIP" type="mir"/>
        <Content type="string">54.193.112.240</Content>
      </IndicatorItem>
      <IndicatorItem id="9a8ce278-c2fc-42ee-b583-28a8af9cf3d3" condition="is">
        <Context document="Network" search="Network/RemoteIP" type="mir"/>
        <Content type="string">52.79.122.186</Content>
      </IndicatorItem>
      <IndicatorItem id="b6fb884e-8ad5-4e22-9a2a-95fa27b15b74" condition="is">
        <Context document="Network" search="Network/RemoteIP" type="mir"/>
        <Content type="string">52.195.234.129</Content>
      </IndicatorItem>
      <IndicatorItem id="de665465-a1d5-4865-ad93-c05692164b4e" condition="is">
        <Context document="Network" search="Network/RemoteIP" type="mir"/>
        <Content type="string">3.108.190.128</Content>
      </IndicatorItem>
      <IndicatorItem id="9c57c8e1-2d68-4ef0-9f67-752c63bee2b0" condition="is">
        <Context document="Network" search="Network/RemoteIP" type="mir"/>
        <Content type="string">35.72.185.166</Content>
      </IndicatorItem>
      <IndicatorItem id="ce094c5d-2b1f-4030-b1e3-7773f9b4ff9c" condition="is">
        <Context document="Network" search="Network/RemoteIP" type="mir"/>
        <Content type="string">3.73.50.173</Content>
      </IndicatorItem>
      <IndicatorItem id="8f3e1716-6ee3-4ebf-aa12-35f0a9238e3d" condition="is">
        <Context document="Network" search="Network/RemoteIP" type="mir"/>
        <Content type="string">16.176.174.208</Content>
      </IndicatorItem>
      <IndicatorItem id="1bdb9ea9-c5e3-4a30-920f-b0f9f376061d" condition="is">
        <Context document="Network" search="Network/RemoteIP" type="mir"/>
        <Content type="string">18.144.63.148</Content>
      </IndicatorItem>
      <IndicatorItem id="550b17f7-78a4-47f3-b0d7-5dd06a60b1a0" condition="is">
        <Context document="Network" search="Network/RemoteIP" type="mir"/>
        <Content type="string">3.108.44.217</Content>
      </IndicatorItem>
      <IndicatorItem id="a673a53c-394c-48e8-a64d-7502c5438a0e" condition="is">
        <Context document="Network" search="Network/RemoteIP" type="mir"/>
        <Content type="string">54.217.55.41</Content>
      </IndicatorItem>
      <IndicatorItem id="751595fc-a35a-489c-9077-c022665a9ebd" condition="is">
        <Context document="Network" search="Network/RemoteIP" type="mir"/>
        <Content type="string">13.48.190.134</Content>
      </IndicatorItem>
      <IndicatorItem id="8b98acc4-e703-47ad-8ee2-922248dec619" condition="is">
        <Context document="Network" search="Network/RemoteIP" type="mir"/>
        <Content type="string">16.176.11.61</Content>
      </IndicatorItem>
      <IndicatorItem id="8b94488e-8414-44ab-b9d4-5f48ed29e03c" condition="is">
        <Context document="Network" search="Network/RemoteIP" type="mir"/>
        <Content type="string">13.53.205.3</Content>
      </IndicatorItem>
      <IndicatorItem id="b64e47b6-3e46-4e84-8e01-deef280498cd" condition="is">
        <Context document="Network" search="Network/RemoteIP" type="mir"/>
        <Content type="string">34.245.120.19</Content>
      </IndicatorItem>
      <IndicatorItem id="97eeab70-e059-4fb7-a90c-069ce1061756" condition="is">
        <Context document="Network" search="Network/RemoteIP" type="mir"/>
        <Content type="string">35.179.163.202</Content>
      </IndicatorItem>
      <IndicatorItem id="1ed39b50-53ac-4aec-951d-1cadc63ee707" condition="is">
        <Context document="Network" search="Network/RemoteIP" type="mir"/>
        <Content type="string">15.207.121.181</Content>
      </IndicatorItem>
      <IndicatorItem id="7f0e814a-34a4-4c21-b0bb-e4002b1c2181" condition="is">
        <Context document="Network" search="Network/RemoteIP" type="mir"/>
        <Content type="string">54.169.50.26</Content>
      </IndicatorItem>
      <IndicatorItem id="4c0a83d6-f7b3-448a-9a4a-d53f80fbf6be" condition="is">
        <Context document="Network" search="Network/RemoteIP" type="mir"/>
        <Content type="string">35.72.34.25</Content>
      </IndicatorItem>
      <IndicatorItem id="2f8d79fa-1f8a-45e3-918e-485bf0dc11b8" condition="is">
        <Context document="Network" search="Network/RemoteIP" type="mir"/>
        <Content type="string">3.94.55.224</Content>
      </IndicatorItem>
      <IndicatorItem id="32ccc689-2a1d-4a86-b8df-935555e8aaf3" condition="is">
        <Context document="Network" search="Network/RemoteIP" type="mir"/>
        <Content type="string">15.168.153.182</Content>
      </IndicatorItem>
      <IndicatorItem id="f613e519-db7e-4e23-850a-f6bfbb1eff49" condition="is">
        <Context document="Network" search="Network/RemoteIP" type="mir"/>
        <Content type="string">3.88.192.107</Content>
      </IndicatorItem>
      <IndicatorItem id="33a2c32a-be42-41ac-9531-0a878444eb52" condition="is">
        <Context document="Network" search="Network/RemoteIP" type="mir"/>
        <Content type="string">13.208.208.208</Content>
      </IndicatorItem>
      <IndicatorItem id="73445c5b-6814-4c66-8adf-49725dbab200" condition="is">
        <Context document="Network" search="Network/RemoteIP" type="mir"/>
        <Content type="string">54.229.97.172</Content>
      </IndicatorItem>
      <IndicatorItem id="3e23f86d-c119-47aa-b204-cd8aa5d2ee29" condition="is">
        <Context document="Network" search="Network/RemoteIP" type="mir"/>
        <Content type="string">18.169.51.236</Content>
      </IndicatorItem>
      <IndicatorItem id="1cde0985-2b5c-4cd9-8c62-e60b549002da" condition="is">
        <Context document="Network" search="Network/RemoteIP" type="mir"/>
        <Content type="string">35.159.71.114</Content>
      </IndicatorItem>
      <IndicatorItem id="818c4abd-51d3-4e58-a384-8daa2a3bc209" condition="is">
        <Context document="Network" search="Network/RemoteIP" type="mir"/>
        <Content type="string">54.196.57.175</Content>
      </IndicatorItem>
      <IndicatorItem id="00ea7a8b-1439-4e51-ae68-538e23112ef3" condition="is">
        <Context document="Network" search="Network/RemoteIP" type="mir"/>
        <Content type="string">18.169.134.190</Content>
      </IndicatorItem>
      <IndicatorItem id="de8539fd-517a-4223-bc29-8436a86e2124" condition="is">
        <Context document="Network" search="Network/RemoteIP" type="mir"/>
        <Content type="string">3.87.173.158</Content>
      </IndicatorItem>
      <IndicatorItem id="e4796dd2-115a-4232-a15c-d1825c64edd8" condition="is">
        <Context document="Network" search="Network/RemoteIP" type="mir"/>
        <Content type="string">35.180.121.111</Content>
      </IndicatorItem>
      <IndicatorItem id="e4e0bace-2d19-4a0d-906a-6d7801efdac3" condition="is">
        <Context document="Network" search="Network/RemoteIP" type="mir"/>
        <Content type="string">43.205.195.174</Content>
      </IndicatorItem>
      <IndicatorItem id="4f9f63c0-c911-4829-b89d-298fe2d8d0f3" condition="is">
        <Context document="Network" search="Network/RemoteIP" type="mir"/>
        <Content type="string">54.179.94.8</Content>
      </IndicatorItem>
      <IndicatorItem id="33ee23f7-7e97-45b3-a82d-6b04b33bbaaf" condition="is">
        <Context document="Network" search="Network/RemoteIP" type="mir"/>
        <Content type="string">13.60.48.32</Content>
      </IndicatorItem>
      <IndicatorItem id="c509ac6d-ea23-4d2d-aaea-16f231687456" condition="is">
        <Context document="Network" search="Network/RemoteIP" type="mir"/>
        <Content type="string">54.180.79.118</Content>
      </IndicatorItem>
      <IndicatorItem id="29460289-3eae-44d0-9807-36308bcde278" condition="is">
        <Context document="Network" search="Network/RemoteIP" type="mir"/>
        <Content type="string">54.180.253.34</Content>
      </IndicatorItem>
      <IndicatorItem id="c8e4f36c-acbb-43f8-bc9d-2054d48f15c3" condition="is">
        <Context document="Network" search="Network/RemoteIP" type="mir"/>
        <Content type="string">13.208.184.74</Content>
      </IndicatorItem>
      <IndicatorItem id="0b5ee258-82f6-4a3d-a6e0-c3e87c4520d6" condition="is">
        <Context document="Network" search="Network/RemoteIP" type="mir"/>
        <Content type="string">3.237.10.131</Content>
      </IndicatorItem>
      <IndicatorItem id="9159e466-5cdc-4277-abd3-d2a2da8b1e1b" condition="is">
        <Context document="Network" search="Network/RemoteIP" type="mir"/>
        <Content type="string">16.171.52.227</Content>
      </IndicatorItem>
      <IndicatorItem id="cf319d2c-3b81-49a0-9f27-4358274f788f" condition="is">
        <Context document="Network" search="Network/RemoteIP" type="mir"/>
        <Content type="string">13.38.128.238</Content>
      </IndicatorItem>
      <IndicatorItem id="9f90938a-d865-43c2-8e05-a8a2134e4893" condition="is">
        <Context document="Network" search="Network/RemoteIP" type="mir"/>
        <Content type="string">52.43.251.252</Content>
      </IndicatorItem>
      <IndicatorItem id="fd863ce7-d13e-414b-b844-f9cd29f4a88a" condition="is">
        <Context document="Network" search="Network/RemoteIP" type="mir"/>
        <Content type="string">43.203.189.133</Content>
      </IndicatorItem>
      <IndicatorItem id="775a999a-65fb-4249-a0c7-d7b18d106e6d" condition="is">
        <Context document="Network" search="Network/RemoteIP" type="mir"/>
        <Content type="string">54.247.55.140</Content>
      </IndicatorItem>
      <IndicatorItem id="2b39265c-f6c0-4ecd-8bf1-262e5f33aaad" condition="is">
        <Context document="Network" search="Network/RemoteIP" type="mir"/>
        <Content type="string">3.97.9.61</Content>
      </IndicatorItem>
      <IndicatorItem id="1998375d-c9fd-4acb-842c-db4af3c6a5d5" condition="is">
        <Context document="Network" search="Network/RemoteIP" type="mir"/>
        <Content type="string">107.21.142.126</Content>
      </IndicatorItem>
      <IndicatorItem id="203a252e-1448-4b37-8fcb-761835e70adf" condition="is">
        <Context document="Network" search="Network/RemoteIP" type="mir"/>
        <Content type="string">13.39.242.225</Content>
      </IndicatorItem>
      <IndicatorItem id="1c4a89ff-4175-4324-832b-63b68c8f9c7a" condition="is">
        <Context document="Network" search="Network/RemoteIP" type="mir"/>
        <Content type="string">43.207.97.125</Content>
      </IndicatorItem>
      <IndicatorItem id="8028e889-0075-4d27-be6f-a6e05e08301a" condition="is">
        <Context document="Network" search="Network/RemoteIP" type="mir"/>
        <Content type="string">16.170.251.7</Content>
      </IndicatorItem>
      <IndicatorItem id="0ae98677-e66b-4bee-9122-3ecaa707ce7d" condition="is">
        <Context document="Network" search="Network/RemoteIP" type="mir"/>
        <Content type="string">65.2.83.71</Content>
      </IndicatorItem>
      <IndicatorItem id="2cb52c5c-4aed-4cbd-9d38-cec356c9791e" condition="is">
        <Context document="Network" search="Network/RemoteIP" type="mir"/>
        <Content type="string">3.131.133.140</Content>
      </IndicatorItem>
      <IndicatorItem id="0c56a5bf-1abd-4e0c-b1f8-61e59627cb77" condition="is">
        <Context document="Network" search="Network/RemoteIP" type="mir"/>
        <Content type="string">43.207.133.185</Content>
      </IndicatorItem>
      <IndicatorItem id="e757b505-6a97-43c1-9773-274cb8683ea2" condition="is">
        <Context document="Network" search="Network/RemoteIP" type="mir"/>
        <Content type="string">3.26.14.126</Content>
      </IndicatorItem>
      <IndicatorItem id="01ef15ce-f7e5-4a01-9eaf-5424b72a6ddd" condition="is">
        <Context document="Network" search="Network/RemoteIP" type="mir"/>
        <Content type="string">3.252.230.202</Content>
      </IndicatorItem>
      <IndicatorItem id="97214bfa-745b-4f0f-a74a-1782bd2dd779" condition="is">
        <Context document="Network" search="Network/RemoteIP" type="mir"/>
        <Content type="string">35.76.149.36</Content>
      </IndicatorItem>
      <IndicatorItem id="25911a04-5d34-49d8-a1b3-02d36fba2aeb" condition="is">
        <Context document="Network" search="Network/RemoteIP" type="mir"/>
        <Content type="string">52.209.246.181</Content>
      </IndicatorItem>
      <IndicatorItem id="3282b6fb-6268-43b9-b030-0b67e81130ca" condition="is">
        <Context document="Network" search="Network/RemoteIP" type="mir"/>
        <Content type="string">13.211.72.162</Content>
      </IndicatorItem>
      <IndicatorItem id="3e8d69b2-23a6-4609-8249-117250788a0b" condition="is">
        <Context document="Network" search="Network/RemoteIP" type="mir"/>
        <Content type="string">13.203.226.179</Content>
      </IndicatorItem>
      <IndicatorItem id="d1b17df3-3f04-4a32-8ec9-6c8b33539556" condition="is">
        <Context document="Network" search="Network/RemoteIP" type="mir"/>
        <Content type="string">13.212.107.28</Content>
      </IndicatorItem>
      <IndicatorItem id="d4c73d4c-e45c-4e9a-8c81-4c5c20e76d5b" condition="is">
        <Context document="Network" search="Network/RemoteIP" type="mir"/>
        <Content type="string">54.212.218.205</Content>
      </IndicatorItem>
      <IndicatorItem id="b6a0b3f5-464e-4e58-bfc6-ca567f14a7a9" condition="is">
        <Context document="Network" search="Network/RemoteIP" type="mir"/>
        <Content type="string">3.26.76.178</Content>
      </IndicatorItem>
      <IndicatorItem id="dd24ca58-9668-45ff-91b4-f2b330643bcf" condition="is">
        <Context document="Network" search="Network/RemoteIP" type="mir"/>
        <Content type="string">3.106.203.239</Content>
      </IndicatorItem>
      <IndicatorItem id="e6fb3ee0-040c-4852-bae3-9ee1ae8fd928" condition="is">
        <Context document="Network" search="Network/RemoteIP" type="mir"/>
        <Content type="string">3.145.4.216</Content>
      </IndicatorItem>
      <IndicatorItem id="c1f1e80d-8594-40c0-8b8c-a35c4ca181aa" condition="is">
        <Context document="Network" search="Network/RemoteIP" type="mir"/>
        <Content type="string">16.16.24.72</Content>
      </IndicatorItem>
      <IndicatorItem id="fc06c34e-0f0a-45da-9bb5-db5d7a24f3b7" condition="is">
        <Context document="Network" search="Network/RemoteIP" type="mir"/>
        <Content type="string">13.52.214.92</Content>
      </IndicatorItem>
      <IndicatorItem id="96212e6e-f651-4251-9e48-f9c8f76d5176" condition="is">
        <Context document="Network" search="Network/RemoteIP" type="mir"/>
        <Content type="string">18.175.135.187</Content>
      </IndicatorItem>
      <IndicatorItem id="b5b5d43e-6301-4249-9fac-c4c856e5dd1b" condition="is">
        <Context document="Network" search="Network/RemoteIP" type="mir"/>
        <Content type="string">47.129.223.6</Content>
      </IndicatorItem>
      <IndicatorItem id="060d2eb2-300b-42c4-a578-cff4487aaeef" condition="is">
        <Context document="Network" search="Network/RemoteIP" type="mir"/>
        <Content type="string">13.211.123.218</Content>
      </IndicatorItem>
      <IndicatorItem id="4be7f164-5e18-42ac-8408-40ba01225fbf" condition="is">
        <Context document="Network" search="Network/RemoteIP" type="mir"/>
        <Content type="string">3.237.170.239</Content>
      </IndicatorItem>
      <IndicatorItem id="7aab01fb-fbf9-420d-95d7-1e8757f6b8f5" condition="is">
        <Context document="Network" search="Network/RemoteIP" type="mir"/>
        <Content type="string">52.66.213.153</Content>
      </IndicatorItem>
      <IndicatorItem id="9cfcb2e4-0c13-4352-a368-64fb16f040fb" condition="is">
        <Context document="Network" search="Network/RemoteIP" type="mir"/>
        <Content type="string">52.62.140.93</Content>
      </IndicatorItem>
      <IndicatorItem id="c767201f-e8c2-41a9-9632-7ef2543f4998" condition="is">
        <Context document="Network" search="Network/RemoteIP" type="mir"/>
        <Content type="string">15.168.136.201</Content>
      </IndicatorItem>
      <IndicatorItem id="f004541f-7c4b-46d9-969f-231b9516bae3" condition="is">
        <Context document="Network" search="Network/RemoteIP" type="mir"/>
        <Content type="string">15.168.169.183</Content>
      </IndicatorItem>
      <IndicatorItem id="e7d21f47-98fc-4ddc-8324-695f5c6f2ecc" condition="is">
        <Context document="Network" search="Network/RemoteIP" type="mir"/>
        <Content type="string">13.208.231.240</Content>
      </IndicatorItem>
      <IndicatorItem id="1f57b0ec-7466-4480-9ae6-f2466a35d5ba" condition="is">
        <Context document="Network" search="Network/RemoteIP" type="mir"/>
        <Content type="string">56.155.130.108</Content>
      </IndicatorItem>
      <IndicatorItem id="eaf4437f-d6d8-4d2a-8ac1-8de50b5e8fb8" condition="is">
        <Context document="Network" search="Network/RemoteIP" type="mir"/>
        <Content type="string">54.252.217.34</Content>
      </IndicatorItem>
      <IndicatorItem id="f6785a97-62c3-446d-b377-e767ea3e7d32" condition="is">
        <Context document="Network" search="Network/RemoteIP" type="mir"/>
        <Content type="string">44.244.29.27</Content>
      </IndicatorItem>
      <IndicatorItem id="9e6d8804-07c0-4142-a233-385cec5a4a11" condition="is">
        <Context document="Network" search="Network/RemoteIP" type="mir"/>
        <Content type="string">43.205.146.187</Content>
      </IndicatorItem>
      <IndicatorItem id="024a07f5-1232-450d-aa87-ec8b4ef8888f" condition="is">
        <Context document="Network" search="Network/RemoteIP" type="mir"/>
        <Content type="string">52.198.244.27</Content>
      </IndicatorItem>
      <IndicatorItem id="a7f7f1c8-4dff-4d17-aff8-5b9d6162ffb5" condition="is">
        <Context document="Network" search="Network/RemoteIP" type="mir"/>
        <Content type="string">63.178.224.51</Content>
      </IndicatorItem>
      <IndicatorItem id="cda8249a-d15f-4dad-930d-f9c1d1ef6d1a" condition="is">
        <Context document="Network" search="Network/RemoteIP" type="mir"/>
        <Content type="string">16.170.203.94</Content>
      </IndicatorItem>
      <IndicatorItem id="aae41c92-4b08-46ed-9be8-e31da69edda9" condition="is">
        <Context document="Network" search="Network/RemoteIP" type="mir"/>
        <Content type="string">3.218.142.123</Content>
      </IndicatorItem>
      <IndicatorItem id="5ea7730a-1faf-4418-8b5f-cdfad1222782" condition="is">
        <Context document="Network" search="Network/RemoteIP" type="mir"/>
        <Content type="string">3.96.197.139</Content>
      </IndicatorItem>
      <IndicatorItem id="4f3568c0-8edd-427e-833e-ad8a5cb5bf73" condition="is">
        <Context document="Network" search="Network/RemoteIP" type="mir"/>
        <Content type="string">35.179.149.159</Content>
      </IndicatorItem>
      <IndicatorItem id="09831c80-4a53-452b-aeaf-9f2b74d6f4ea" condition="is">
        <Context document="Network" search="Network/RemoteIP" type="mir"/>
        <Content type="string">43.206.102.20</Content>
      </IndicatorItem>
      <IndicatorItem id="87bfb903-efc5-4c56-937f-f25e6eccab8f" condition="is">
        <Context document="Network" search="Network/RemoteIP" type="mir"/>
        <Content type="string">52.38.77.6</Content>
      </IndicatorItem>
      <IndicatorItem id="781483ae-7657-410e-b5a1-866512dbf49e" condition="is">
        <Context document="Network" search="Network/RemoteIP" type="mir"/>
        <Content type="string">18.140.197.247</Content>
      </IndicatorItem>
      <IndicatorItem id="3af04c37-3068-4c7c-b58d-8636689ce6b5" condition="is">
        <Context document="Network" search="Network/RemoteIP" type="mir"/>
        <Content type="string">3.239.37.47</Content>
      </IndicatorItem>
      <IndicatorItem id="1d0e0f41-73ec-45d1-9e9c-a46450913397" condition="is">
        <Context document="Network" search="Network/RemoteIP" type="mir"/>
        <Content type="string">44.244.130.246</Content>
      </IndicatorItem>
      <IndicatorItem id="3acebacc-956b-4625-9484-3b21fe921c16" condition="is">
        <Context document="Network" search="Network/RemoteIP" type="mir"/>
        <Content type="string">3.27.250.247</Content>
      </IndicatorItem>
      <IndicatorItem id="8e2d81a5-c21e-4c3d-82a7-8330dc6fe7a4" condition="is">
        <Context document="Network" search="Network/RemoteIP" type="mir"/>
        <Content type="string">18.132.211.112</Content>
      </IndicatorItem>
      <IndicatorItem id="209b4321-207d-417d-87bd-c69ff49ace87" condition="is">
        <Context document="Network" search="Network/RemoteIP" type="mir"/>
        <Content type="string">3.69.29.57</Content>
      </IndicatorItem>
      <IndicatorItem id="6bad46ae-142b-44cd-957d-ccb095b63664" condition="is">
        <Context document="Network" search="Network/RemoteIP" type="mir"/>
        <Content type="string">54.252.144.181</Content>
      </IndicatorItem>
      <IndicatorItem id="3edf6b55-1d94-44b6-b01e-389cf0aab118" condition="is">
        <Context document="Network" search="Network/RemoteIP" type="mir"/>
        <Content type="string">3.106.138.6</Content>
      </IndicatorItem>
      <IndicatorItem id="57269064-3213-48d2-8899-6c614e9b1ea0" condition="is">
        <Context document="Network" search="Network/RemoteIP" type="mir"/>
        <Content type="string">54.83.71.208</Content>
      </IndicatorItem>
      <IndicatorItem id="48a4e2cb-aa18-4533-99ff-176a1cf85ada" condition="is">
        <Context document="Network" search="Network/RemoteIP" type="mir"/>
        <Content type="string">13.211.72.162</Content>
      </IndicatorItem>
      <IndicatorItem id="035b45c5-41cb-40e5-802e-2b792375c5e6" condition="is">
        <Context document="Network" search="Network/RemoteIP" type="mir"/>
        <Content type="string">18.201.40.234</Content>
      </IndicatorItem>
      <IndicatorItem id="068ef92b-2ff3-4bbf-a4d8-c04753bc430a" condition="is">
        <Context document="Network" search="Network/RemoteIP" type="mir"/>
        <Content type="string">35.154.247.211</Content>
      </IndicatorItem>
      <IndicatorItem id="69be9537-4412-445d-a0a5-8d86e8f47477" condition="is">
        <Context document="Network" search="Network/RemoteIP" type="mir"/>
        <Content type="string">18.117.187.150</Content>
      </IndicatorItem>
      <IndicatorItem id="032659a8-b7d0-4c74-bded-8637b2efe5cc" condition="is">
        <Context document="Network" search="Network/RemoteIP" type="mir"/>
        <Content type="string">65.0.104.105</Content>
      </IndicatorItem>
      <IndicatorItem id="940d9e1f-fef5-4291-8d83-37c224348054" condition="is">
        <Context document="Network" search="Network/RemoteIP" type="mir"/>
        <Content type="string">54.180.152.87</Content>
      </IndicatorItem>
      <IndicatorItem id="85a5a446-3a7c-4c0e-aa8f-cb42d8cdfc5d" condition="is">
        <Context document="Network" search="Network/RemoteIP" type="mir"/>
        <Content type="string">51.20.7.57</Content>
      </IndicatorItem>
      <IndicatorItem id="00b7d9bb-33b0-40a6-9d2f-b883f887fc35" condition="is">
        <Context document="Network" search="Network/RemoteIP" type="mir"/>
        <Content type="string">54.221.79.141</Content>
      </IndicatorItem>
      <IndicatorItem id="aa67817f-7f22-4fa5-9ea1-123c905d5671" condition="is">
        <Context document="Network" search="Network/RemoteIP" type="mir"/>
        <Content type="string">35.180.69.77</Content>
      </IndicatorItem>
      <IndicatorItem id="92587f4e-e814-4c09-a592-0f762b3a2e45" condition="is">
        <Context document="Network" search="Network/RemoteIP" type="mir"/>
        <Content type="string">54.183.162.94</Content>
      </IndicatorItem>
      <IndicatorItem id="a6782f70-2788-47c7-98a8-cd9bc36a3e29" condition="is">
        <Context document="Network" search="Network/RemoteIP" type="mir"/>
        <Content type="string">18.202.57.29</Content>
      </IndicatorItem>
      <IndicatorItem id="c0643f9f-08f9-4799-b2f1-4e1abf6a2b52" condition="is">
        <Context document="Network" search="Network/RemoteIP" type="mir"/>
        <Content type="string">43.204.24.40</Content>
      </IndicatorItem>
      <IndicatorItem id="7a147076-c0a6-4dfd-98e3-710793868092" condition="is">
        <Context document="Network" search="Network/RemoteIP" type="mir"/>
        <Content type="string">34.208.118.95</Content>
      </IndicatorItem>
      <IndicatorItem id="c93e0780-a7d2-4864-b417-44378a2c3e27" condition="is">
        <Context document="Network" search="Network/RemoteIP" type="mir"/>
        <Content type="string">15.168.240.82</Content>
      </IndicatorItem>
      <IndicatorItem id="cec95132-f9b4-4ae2-b9bf-2f692260e62c" condition="is">
        <Context document="Network" search="Network/RemoteIP" type="mir"/>
        <Content type="string">51.21.202.159</Content>
      </IndicatorItem>
      <IndicatorItem id="82f9f8a6-343e-46cf-ac71-6ef144498be8" condition="is">
        <Context document="Network" search="Network/RemoteIP" type="mir"/>
        <Content type="string">43.202.163.42</Content>
      </IndicatorItem>
      <IndicatorItem id="4feb42c9-7996-4551-b5d5-1cefbb967eff" condition="is">
        <Context document="Network" search="Network/RemoteIP" type="mir"/>
        <Content type="string">51.44.14.75</Content>
      </IndicatorItem>
      <IndicatorItem id="01af2322-e0f1-4e21-b6a4-658b724f0603" condition="is">
        <Context document="Network" search="Network/RemoteIP" type="mir"/>
        <Content type="string">44.203.136.161</Content>
      </IndicatorItem>
      <IndicatorItem id="96b01524-3eee-4545-ae10-e5c67887de3d" condition="is">
        <Context document="Network" search="Network/RemoteIP" type="mir"/>
        <Content type="string">176.34.154.202</Content>
      </IndicatorItem>
      <IndicatorItem id="2b69e249-be62-4418-ba6d-b91a9789678b" condition="is">
        <Context document="Network" search="Network/RemoteIP" type="mir"/>
        <Content type="string">107.21.142.126</Content>
      </IndicatorItem>
      <IndicatorItem id="fe5ef979-9cd2-469d-a8cc-154ee1907b6a" condition="is">
        <Context document="Network" search="Network/RemoteIP" type="mir"/>
        <Content type="string">43.204.140.137</Content>
      </IndicatorItem>
      <IndicatorItem id="814bf732-7b60-409c-a5cd-d816b03e1c6b" condition="is">
        <Context document="Network" search="Network/RemoteIP" type="mir"/>
        <Content type="string">108.129.141.159</Content>
      </IndicatorItem>
      <IndicatorItem id="5a44555c-7d51-41db-9e31-b8a7fd249f70" condition="is">
        <Context document="Network" search="Network/RemoteIP" type="mir"/>
        <Content type="string">3.81.159.187</Content>
      </IndicatorItem>
      <IndicatorItem id="69f822e0-2745-405d-8870-96af13445019" condition="is">
        <Context document="Network" search="Network/RemoteIP" type="mir"/>
        <Content type="string">52.59.231.224</Content>
      </IndicatorItem>
      <IndicatorItem id="3586cde0-115b-4d73-a94f-f1cc78882cd5" condition="is">
        <Context document="Network" search="Network/RemoteIP" type="mir"/>
        <Content type="string">54.168.12.3</Content>
      </IndicatorItem>
      <IndicatorItem id="2d6dcbca-a8e7-41b3-abda-666d9d0fb5e5" condition="is">
        <Context document="Network" search="Network/RemoteIP" type="mir"/>
        <Content type="string">54.164.107.202</Content>
      </IndicatorItem>
      <IndicatorItem id="6f19a772-0397-42b5-be61-286e9f48a1dc" condition="is">
        <Context document="Network" search="Network/RemoteIP" type="mir"/>
        <Content type="string">15.188.84.44</Content>
      </IndicatorItem>
      <IndicatorItem id="44f50bef-6eba-42ce-8e7c-4f901865453e" condition="is">
        <Context document="Network" search="Network/RemoteIP" type="mir"/>
        <Content type="string">18.132.210.237</Content>
      </IndicatorItem>
      <IndicatorItem id="660333bc-3f97-4a13-a545-146ce80ad7c8" condition="is">
        <Context document="Network" search="Network/RemoteIP" type="mir"/>
        <Content type="string">35.180.63.171</Content>
      </IndicatorItem>
      <IndicatorItem id="f33c9f79-dfbb-47c1-a17c-601e7d544d61" condition="is">
        <Context document="Network" search="Network/RemoteIP" type="mir"/>
        <Content type="string">3.142.196.206</Content>
      </IndicatorItem>
      <IndicatorItem id="ddb5b44d-3d12-447b-918a-754cce39863a" condition="is">
        <Context document="Network" search="Network/RemoteIP" type="mir"/>
        <Content type="string">51.20.95.5</Content>
      </IndicatorItem>
      <IndicatorItem id="51e19ac1-38e3-4433-8880-6f01a4e50994" condition="is">
        <Context document="Network" search="Network/RemoteIP" type="mir"/>
        <Content type="string">13.208.216.4</Content>
      </IndicatorItem>
      <IndicatorItem id="62353a95-9840-443e-9345-62862f517da5" condition="is">
        <Context document="Network" search="Network/RemoteIP" type="mir"/>
        <Content type="string">54.219.154.246</Content>
      </IndicatorItem>
      <IndicatorItem id="8dfdb888-0937-42ea-910e-c7647853242e" condition="is">
        <Context document="Network" search="Network/RemoteIP" type="mir"/>
        <Content type="string">18.205.22.188</Content>
      </IndicatorItem>
      <IndicatorItem id="764f5559-e2b3-4e0c-a3db-9a6dbe880d2e" condition="is">
        <Context document="Network" search="Network/RemoteIP" type="mir"/>
        <Content type="string">43.207.121.30</Content>
      </IndicatorItem>
      <IndicatorItem id="9e3db600-ca07-4581-b90a-9cddee5a0c99" condition="is">
        <Context document="Network" search="Network/RemoteIP" type="mir"/>
        <Content type="string">56.155.118.80</Content>
      </IndicatorItem>
      <IndicatorItem id="fffbcb13-c1e5-4148-8464-8e866d89e709" condition="is">
        <Context document="Network" search="Network/RemoteIP" type="mir"/>
        <Content type="string">13.203.42.236</Content>
      </IndicatorItem>
      <IndicatorItem id="feb31628-747b-41e0-8da1-6f0a3119cfc4" condition="is">
        <Context document="Network" search="Network/RemoteIP" type="mir"/>
        <Content type="string">13.212.78.197</Content>
      </IndicatorItem>
      <IndicatorItem id="132d7a84-a2a9-4050-9691-5f4a41d047ec" condition="is">
        <Context document="Network" search="Network/RemoteIP" type="mir"/>
        <Content type="string">18.192.6.188</Content>
      </IndicatorItem>
      <IndicatorItem id="65bf1766-6cf1-4214-b304-6661459f637b" condition="is">
        <Context document="Network" search="Network/RemoteIP" type="mir"/>
        <Content type="string">13.231.70.185</Content>
      </IndicatorItem>
      <IndicatorItem id="bf9cd129-56b8-4edf-848f-ee2bf6673545" condition="is">
        <Context document="Network" search="Network/RemoteIP" type="mir"/>
        <Content type="string">3.148.240.148</Content>
      </IndicatorItem>
      <IndicatorItem id="e3f1f178-d6d9-4d3f-91b1-917485ab8866" condition="is">
        <Context document="Network" search="Network/RemoteIP" type="mir"/>
        <Content type="string">13.49.241.119</Content>
      </IndicatorItem>
      <IndicatorItem id="852fd2b8-949f-4099-827b-e446e2b7666d" condition="is">
        <Context document="Network" search="Network/RemoteIP" type="mir"/>
        <Content type="string">44.244.29.27</Content>
      </IndicatorItem>
      <IndicatorItem id="13105e33-f1c7-4565-a7a3-4f70c4bd8ee5" condition="is">
        <Context document="Network" search="Network/RemoteIP" type="mir"/>
        <Content type="string">54.169.143.137</Content>
      </IndicatorItem>
      <IndicatorItem id="35fe7718-52d4-4b7b-bcc3-203efd4a1534" condition="is">
        <Context document="Network" search="Network/RemoteIP" type="mir"/>
        <Content type="string">35.164.202.65</Content>
      </IndicatorItem>
      <IndicatorItem id="b204c5f6-b6c8-42dc-b80d-d7c6f83918c5" condition="is">
        <Context document="Network" search="Network/RemoteIP" type="mir"/>
        <Content type="string">3.34.205.79</Content>
      </IndicatorItem>
      <IndicatorItem id="8a8f3f4a-0b62-4a19-b30e-553b01d069a3" condition="is">
        <Context document="Network" search="Network/RemoteIP" type="mir"/>
        <Content type="string">13.61.147.96</Content>
      </IndicatorItem>
      <IndicatorItem id="01797dc5-e7d3-4ddc-8575-1baf650241c3" condition="is">
        <Context document="Network" search="Network/RemoteIP" type="mir"/>
        <Content type="string">3.35.165.185</Content>
      </IndicatorItem>
      <IndicatorItem id="ec1ecca6-66e2-40c2-b761-8b26754b4164" condition="is">
        <Context document="Network" search="Network/RemoteIP" type="mir"/>
        <Content type="string">54.177.92.127</Content>
      </IndicatorItem>
      <IndicatorItem id="222f53f4-aa2a-411d-afbf-3dab686d8fbe" condition="is">
        <Context document="Network" search="Network/RemoteIP" type="mir"/>
        <Content type="string">3.9.23.112</Content>
      </IndicatorItem>
      <IndicatorItem id="a1474bda-817b-4c6c-b99b-01169c05c9e4" condition="is">
        <Context document="Network" search="Network/RemoteIP" type="mir"/>
        <Content type="string">13.38.88.112</Content>
      </IndicatorItem>
      <IndicatorItem id="db666eb9-b9e3-493c-87bc-b8a412e06b49" condition="is">
        <Context document="Network" search="Network/RemoteIP" type="mir"/>
        <Content type="string">52.14.253.86</Content>
      </IndicatorItem>
      <IndicatorItem id="17edf004-70f6-4cda-9248-60b9013db4dc" condition="is">
        <Context document="Network" search="Network/RemoteIP" type="mir"/>
        <Content type="string">54.165.38.40</Content>
      </IndicatorItem>
      <IndicatorItem id="b2fe0d2f-bb9c-4c51-be76-7a540aeaa848" condition="is">
        <Context document="Network" search="Network/RemoteIP" type="mir"/>
        <Content type="string">44.250.143.193</Content>
      </IndicatorItem>
      <IndicatorItem id="6df1250a-3e38-416d-9938-ab67e155a7ae" condition="is">
        <Context document="Network" search="Network/RemoteIP" type="mir"/>
        <Content type="string">56.155.120.69</Content>
      </IndicatorItem>
      <IndicatorItem id="aebcd65f-5d8a-4416-8b85-8d4902e137e9" condition="is">
        <Context document="Network" search="Network/RemoteIP" type="mir"/>
        <Content type="string">35.180.64.192</Content>
      </IndicatorItem>
      <IndicatorItem id="761f08bc-58fa-4b9e-a4b4-fddc9708154c" condition="is">
        <Context document="Network" search="Network/RemoteIP" type="mir"/>
        <Content type="string">63.178.245.124</Content>
      </IndicatorItem>
      <IndicatorItem id="a6a9f4d1-48c8-4924-a9e9-75dfa67baab1" condition="is">
        <Context document="Network" search="Network/RemoteIP" type="mir"/>
        <Content type="string">51.44.252.134</Content>
      </IndicatorItem>
      <IndicatorItem id="970a9df5-ba07-429d-9f17-f88f04d8184f" condition="is">
        <Context document="Network" search="Network/RemoteIP" type="mir"/>
        <Content type="string">35.159.172.252</Content>
      </IndicatorItem>
      <IndicatorItem id="c85625ba-d559-4995-878f-3f23746098c6" condition="is">
        <Context document="Network" search="Network/RemoteIP" type="mir"/>
        <Content type="string">51.21.199.122</Content>
      </IndicatorItem>
      <IndicatorItem id="301438ac-d6f3-4e2c-8f0c-3e265dda4d76" condition="is">
        <Context document="Network" search="Network/RemoteIP" type="mir"/>
        <Content type="string">35.78.88.131</Content>
      </IndicatorItem>
      <IndicatorItem id="584cd019-78cf-4c8f-8319-66b86732e4e5" condition="is">
        <Context document="Network" search="Network/RemoteIP" type="mir"/>
        <Content type="string">18.142.159.250</Content>
      </IndicatorItem>
      <IndicatorItem id="b316321e-5e19-4532-b8bd-5eef57f26dcf" condition="is">
        <Context document="Network" search="Network/RemoteIP" type="mir"/>
        <Content type="string">13.212.160.131</Content>
      </IndicatorItem>
      <IndicatorItem id="1d91a490-80b0-498a-8e27-508628e08c7a" condition="is">
        <Context document="Network" search="Network/RemoteIP" type="mir"/>
        <Content type="string">18.132.98.109</Content>
      </IndicatorItem>
      <IndicatorItem id="01f9d683-c030-4ef6-b7ca-b51f4469752e" condition="is">
        <Context document="Network" search="Network/RemoteIP" type="mir"/>
        <Content type="string">51.44.240.142</Content>
      </IndicatorItem>
      <IndicatorItem id="261abcae-6f6a-4899-a6f3-feb4585c2d18" condition="is">
        <Context document="Network" search="Network/RemoteIP" type="mir"/>
        <Content type="string">3.237.32.115</Content>
      </IndicatorItem>
      <IndicatorItem id="7bb63069-419f-4dda-b048-5d6072228847" condition="is">
        <Context document="Network" search="Network/RemoteIP" type="mir"/>
        <Content type="string">13.233.20.139</Content>
      </IndicatorItem>
      <IndicatorItem id="481d411f-6980-45ed-9702-10028d102942" condition="is">
        <Context document="Network" search="Network/RemoteIP" type="mir"/>
        <Content type="string">18.156.172.2</Content>
      </IndicatorItem>
      <IndicatorItem id="d2187322-57bb-4fcf-bec1-fafa16b1f39c" condition="is">
        <Context document="Network" search="Network/RemoteIP" type="mir"/>
        <Content type="string">13.38.131.101</Content>
      </IndicatorItem>
      <IndicatorItem id="f02cde3f-7b85-44a8-a818-34ce7dfefa84" condition="is">
        <Context document="Network" search="Network/RemoteIP" type="mir"/>
        <Content type="string">35.77.7.240</Content>
      </IndicatorItem>
      <IndicatorItem id="5e131006-e070-4093-8c12-435c69b1d9df" condition="is">
        <Context document="Network" search="Network/RemoteIP" type="mir"/>
        <Content type="string">54.241.201.231</Content>
      </IndicatorItem>
      <IndicatorItem id="8eafbf27-45c8-473e-a3a8-7c4fa1243fec" condition="is">
        <Context document="Network" search="Network/RemoteIP" type="mir"/>
        <Content type="string">54.212.218.205</Content>
      </IndicatorItem>
      <IndicatorItem id="2c8cc64c-eadb-45de-9de6-b9c345c37489" condition="is">
        <Context document="Network" search="Network/RemoteIP" type="mir"/>
        <Content type="string">54.199.203.167</Content>
      </IndicatorItem>
      <IndicatorItem id="aa9034e4-84f9-4210-8d40-a248c5b6b1cd" condition="is">
        <Context document="Network" search="Network/RemoteIP" type="mir"/>
        <Content type="string">43.206.120.244</Content>
      </IndicatorItem>
      <IndicatorItem id="ce8729b1-4893-46e1-990d-be004d0bf6a4" condition="is">
        <Context document="Network" search="Network/RemoteIP" type="mir"/>
        <Content type="string">13.53.169.136</Content>
      </IndicatorItem>
      <IndicatorItem id="9ad3f8b2-75bf-45ab-b126-7714f7926f04" condition="is">
        <Context document="Network" search="Network/RemoteIP" type="mir"/>
        <Content type="string">18.169.193.170</Content>
      </IndicatorItem>
      <IndicatorItem id="db6c2a55-1bff-410c-acf2-f1b313022102" condition="is">
        <Context document="Network" search="Network/RemoteIP" type="mir"/>
        <Content type="string">35.179.15.170</Content>
      </IndicatorItem>
      <IndicatorItem id="6fe51b79-93f7-4b93-bbb1-c7bb7e43c9ea" condition="is">
        <Context document="Network" search="Network/RemoteIP" type="mir"/>
        <Content type="string">15.222.251.198</Content>
      </IndicatorItem>
      <IndicatorItem id="b20c1515-efde-4746-ae32-551a2fdeff76" condition="is">
        <Context document="Network" search="Network/RemoteIP" type="mir"/>
        <Content type="string">56.155.113.98</Content>
      </IndicatorItem>
      <IndicatorItem id="4c247a45-1d8f-40bd-a4be-c03efb55d4f9" condition="is">
        <Context document="Network" search="Network/RemoteIP" type="mir"/>
        <Content type="string">54.180.31.211</Content>
      </IndicatorItem>
      <IndicatorItem id="d213a8fc-4256-49e0-8ae3-4f315050723d" condition="is">
        <Context document="Network" search="Network/RemoteIP" type="mir"/>
        <Content type="string">15.223.236.144</Content>
      </IndicatorItem>
      <IndicatorItem id="1132e8b6-766f-4dbf-aadd-8628a9e33ce9" condition="is">
        <Context document="Network" search="Network/RemoteIP" type="mir"/>
        <Content type="string">3.255.98.242</Content>
      </IndicatorItem>
      <IndicatorItem id="b8dd8602-a572-49e8-a194-eb546978bc0b" condition="is">
        <Context document="Network" search="Network/RemoteIP" type="mir"/>
        <Content type="string">35.158.137.15</Content>
      </IndicatorItem>
      <IndicatorItem id="16ef232e-0661-4d37-8361-54cd8d3bd724" condition="is">
        <Context document="Network" search="Network/RemoteIP" type="mir"/>
        <Content type="string">18.232.128.75</Content>
      </IndicatorItem>
      <IndicatorItem id="e08bebe1-1d7f-49c5-a891-eacc93e91878" condition="is">
        <Context document="Network" search="Network/RemoteIP" type="mir"/>
        <Content type="string">54.252.144.181</Content>
      </IndicatorItem>
      <IndicatorItem id="fe394619-a0d1-4ad6-a7f1-a7cfd9b3ac2d" condition="is">
        <Context document="Network" search="Network/RemoteIP" type="mir"/>
        <Content type="string">56.155.88.90</Content>
      </IndicatorItem>
      <IndicatorItem id="facf0187-9b29-4a99-927c-ef201eb40de2" condition="is">
        <Context document="Network" search="Network/RemoteIP" type="mir"/>
        <Content type="string">13.113.94.60</Content>
      </IndicatorItem>
      <IndicatorItem id="d9d0a696-2f31-474b-a09e-eb3fb55e53e1" condition="is">
        <Context document="Network" search="Network/RemoteIP" type="mir"/>
        <Content type="string">34.200.227.59</Content>
      </IndicatorItem>
      <IndicatorItem id="c97a3122-e42d-4ca4-96c3-8d0c34addbda" condition="is">
        <Context document="Network" search="Network/RemoteIP" type="mir"/>
        <Content type="string">52.66.234.70</Content>
      </IndicatorItem>
      <IndicatorItem id="6fcf3b24-aab2-45ad-8ff2-ab6e9e52625d" condition="is">
        <Context document="Network" search="Network/RemoteIP" type="mir"/>
        <Content type="string">34.243.70.122</Content>
      </IndicatorItem>
      <IndicatorItem id="fad0c606-037a-4897-92b1-ab45dec6031f" condition="is">
        <Context document="Network" search="Network/RemoteIP" type="mir"/>
        <Content type="string">54.75.42.61</Content>
      </IndicatorItem>
      <IndicatorItem id="4c556b41-1e9e-4ab7-979f-171b4dc15bb1" condition="is">
        <Context document="Network" search="Network/RemoteIP" type="mir"/>
        <Content type="string">13.50.247.179</Content>
      </IndicatorItem>
      <IndicatorItem id="95bd8d81-9186-4a2a-a18a-adb91acd5839" condition="is">
        <Context document="Network" search="Network/RemoteIP" type="mir"/>
        <Content type="string">18.144.170.112</Content>
      </IndicatorItem>
      <IndicatorItem id="01fb01d7-3d50-4ff1-93db-4330f3e847f0" condition="is">
        <Context document="Network" search="Network/RemoteIP" type="mir"/>
        <Content type="string">13.59.200.179</Content>
      </IndicatorItem>
      <IndicatorItem id="0dde649b-5b33-4cba-9435-1c81e999852e" condition="is">
        <Context document="Network" search="Network/RemoteIP" type="mir"/>
        <Content type="string">18.185.117.192</Content>
      </IndicatorItem>
      <IndicatorItem id="2abbcf49-353f-4914-ba29-14a48d9dea21" condition="is">
        <Context document="Network" search="Network/RemoteIP" type="mir"/>
        <Content type="string">13.57.35.75</Content>
      </IndicatorItem>
      <IndicatorItem id="cfc7f2ab-5aae-4b12-a270-cf2dbaef30bc" condition="is">
        <Context document="Network" search="Network/RemoteIP" type="mir"/>
        <Content type="string">13.38.36.6</Content>
      </IndicatorItem>
      <IndicatorItem id="7f4a7dd4-8814-4509-9e0a-0ad1a13cdee1" condition="is">
        <Context document="Network" search="Network/RemoteIP" type="mir"/>
        <Content type="string">16.171.0.63</Content>
      </IndicatorItem>
      <IndicatorItem id="9a193405-c7ee-444e-be15-a76f41f40652" condition="is">
        <Context document="Network" search="Network/RemoteIP" type="mir"/>
        <Content type="string">56.155.131.71</Content>
      </IndicatorItem>
      <IndicatorItem id="1c519c08-a29c-4e1b-941d-4a48fb13e58f" condition="is">
        <Context document="Network" search="Network/RemoteIP" type="mir"/>
        <Content type="string">15.237.215.168</Content>
      </IndicatorItem>
      <IndicatorItem id="1f566e42-a933-4ce5-82d4-26b145fd2172" condition="is">
        <Context document="Network" search="Network/RemoteIP" type="mir"/>
        <Content type="string">13.200.13.22</Content>
      </IndicatorItem>
      <IndicatorItem id="a22f78ae-f6b3-41e3-80dc-b1ae1cf5ee39" condition="is">
        <Context document="Network" search="Network/RemoteIP" type="mir"/>
        <Content type="string">3.70.157.51</Content>
      </IndicatorItem>
      <IndicatorItem id="140eba0e-2793-43c6-be82-0897b872d617" condition="is">
        <Context document="Network" search="Network/RemoteIP" type="mir"/>
        <Content type="string">35.157.15.8</Content>
      </IndicatorItem>
      <IndicatorItem id="67264b09-6ba7-4366-8af6-f83b7b0dbf15" condition="is">
        <Context document="Network" search="Network/RemoteIP" type="mir"/>
        <Content type="string">13.61.141.230</Content>
      </IndicatorItem>
      <IndicatorItem id="f3eaa762-918e-455f-a863-5def4bf81978" condition="is">
        <Context document="Network" search="Network/RemoteIP" type="mir"/>
        <Content type="string">3.110.86.144</Content>
      </IndicatorItem>
      <IndicatorItem id="f1f5f756-7c60-4fe3-96af-2a6999ea6fec" condition="is">
        <Context document="Network" search="Network/RemoteIP" type="mir"/>
        <Content type="string">18.183.7.126</Content>
      </IndicatorItem>
      <IndicatorItem id="bc69ae4e-6c9f-48f6-a3b6-46d92ce02205" condition="is">
        <Context document="Network" search="Network/RemoteIP" type="mir"/>
        <Content type="string">54.247.225.58</Content>
      </IndicatorItem>
      <IndicatorItem id="738352ef-8d40-416f-a13e-2b5e949d9df1" condition="is">
        <Context document="Network" search="Network/RemoteIP" type="mir"/>
        <Content type="string">44.245.157.141</Content>
      </IndicatorItem>
      <IndicatorItem id="a8d9a3dd-1084-43a7-821f-923c4a5890e4" condition="is">
        <Context document="Network" search="Network/RemoteIP" type="mir"/>
        <Content type="string">65.2.83.71</Content>
      </IndicatorItem>
      <IndicatorItem id="a7086d25-2d57-4e30-982f-a9f0c8232b89" condition="is">
        <Context document="Network" search="Network/RemoteIP" type="mir"/>
        <Content type="string">3.70.157.51</Content>
      </IndicatorItem>
      <IndicatorItem id="f2c00827-b195-4a1e-a85b-4a4f8ec1fa0e" condition="is">
        <Context document="Network" search="Network/RemoteIP" type="mir"/>
        <Content type="string">3.108.66.195</Content>
      </IndicatorItem>
      <IndicatorItem id="cd9ac9f0-6bbb-4764-be44-1bd5250c8a9e" condition="is">
        <Context document="Network" search="Network/RemoteIP" type="mir"/>
        <Content type="string">54.199.199.11</Content>
      </IndicatorItem>
      <IndicatorItem id="e157169e-426a-464f-a3fb-9cbe5aff1948" condition="is">
        <Context document="Network" search="Network/RemoteIP" type="mir"/>
        <Content type="string">65.0.32.177</Content>
      </IndicatorItem>
      <IndicatorItem id="e6b672ba-eae7-4386-a503-4d5521bc13e9" condition="is">
        <Context document="Network" search="Network/RemoteIP" type="mir"/>
        <Content type="string">13.232.163.181</Content>
      </IndicatorItem>
      <IndicatorItem id="6a4f2128-a656-4637-ada2-07a1384472ca" condition="is">
        <Context document="Network" search="Network/RemoteIP" type="mir"/>
        <Content type="string">13.203.64.93</Content>
      </IndicatorItem>
      <IndicatorItem id="5e8b91f7-7f0d-40d9-8eb1-13ffafdb33a9" condition="is">
        <Context document="Network" search="Network/RemoteIP" type="mir"/>
        <Content type="string">18.201.101.216</Content>
      </IndicatorItem>
      <IndicatorItem id="be77dc08-214a-437d-b2b6-0d2b0d757fb1" condition="is">
        <Context document="Network" search="Network/RemoteIP" type="mir"/>
        <Content type="string">54.193.124.136</Content>
      </IndicatorItem>
      <IndicatorItem id="dc7bd826-c74e-46a5-b06c-267f41f39405" condition="is">
        <Context document="Network" search="Network/RemoteIP" type="mir"/>
        <Content type="string">3.96.197.139</Content>
      </IndicatorItem>
      <IndicatorItem id="33e882ba-ac25-44c3-93d7-eb815fba3df7" condition="is">
        <Context document="Network" search="Network/RemoteIP" type="mir"/>
        <Content type="string">18.169.171.237</Content>
      </IndicatorItem>
      <IndicatorItem id="0b6fac1b-746a-44b4-85f0-6b234a406f30" condition="is">
        <Context document="Network" search="Network/RemoteIP" type="mir"/>
        <Content type="string">3.110.165.112</Content>
      </IndicatorItem>
      <IndicatorItem id="8c1a8580-97f2-470e-9849-093d171faf60" condition="is">
        <Context document="Network" search="Network/RemoteIP" type="mir"/>
        <Content type="string">52.47.125.42</Content>
      </IndicatorItem>
      <IndicatorItem id="d3e9c34f-21e5-4138-8e45-e9b3759199c4" condition="is">
        <Context document="Network" search="Network/RemoteIP" type="mir"/>
        <Content type="string">63.177.52.124</Content>
      </IndicatorItem>
      <IndicatorItem id="71f4e175-72b4-4eda-bc85-8762c115d085" condition="is">
        <Context document="Network" search="Network/RemoteIP" type="mir"/>
        <Content type="string">54.250.54.119</Content>
      </IndicatorItem>
      <IndicatorItem id="5ce28b4b-de1b-4a23-af45-958dc2184caa" condition="is">
        <Context document="Network" search="Network/RemoteIP" type="mir"/>
        <Content type="string">3.125.115.142</Content>
      </IndicatorItem>
      <IndicatorItem id="dfc3a73a-1661-47c0-9ee1-cbde4357d6c5" condition="is">
        <Context document="Network" search="Network/RemoteIP" type="mir"/>
        <Content type="string">54.75.42.61</Content>
      </IndicatorItem>
      <IndicatorItem id="c385efaa-307b-4ad0-bb68-17beff079f7a" condition="is">
        <Context document="Network" search="Network/RemoteIP" type="mir"/>
        <Content type="string">18.236.128.175</Content>
      </IndicatorItem>
      <IndicatorItem id="32d92194-2384-49bb-a7df-984ed56ae26c" condition="is">
        <Context document="Network" search="Network/RemoteIP" type="mir"/>
        <Content type="string">13.203.155.216</Content>
      </IndicatorItem>
      <IndicatorItem id="48f5e7b6-537c-4b7c-8e24-610a3c7533c8" condition="is">
        <Context document="Network" search="Network/RemoteIP" type="mir"/>
        <Content type="string">13.232.82.109</Content>
      </IndicatorItem>
      <IndicatorItem id="3d7b2ce8-15db-4184-adea-8001c5a644c2" condition="is">
        <Context document="Network" search="Network/RemoteIP" type="mir"/>
        <Content type="string">16.176.21.19</Content>
      </IndicatorItem>
      <IndicatorItem id="bd34aab0-9e28-4098-980d-5513095f6d3a" condition="is">
        <Context document="Network" search="Network/RemoteIP" type="mir"/>
        <Content type="string">3.112.53.89</Content>
      </IndicatorItem>
      <IndicatorItem id="126508b6-919b-42a7-8dd4-6ce5b22d8ba3" condition="is">
        <Context document="Network" search="Network/RemoteIP" type="mir"/>
        <Content type="string">52.195.206.89</Content>
      </IndicatorItem>
      <IndicatorItem id="f092bd9c-155c-4627-a9dc-58291bd04d88" condition="is">
        <Context document="Network" search="Network/RemoteIP" type="mir"/>
        <Content type="string">15.156.192.27</Content>
      </IndicatorItem>
      <IndicatorItem id="5474013e-addb-40d5-bfcc-9fc1d83169d8" condition="is">
        <Context document="Network" search="Network/RemoteIP" type="mir"/>
        <Content type="string">54.238.146.11</Content>
      </IndicatorItem>
      <IndicatorItem id="417fac00-e982-4df0-bc4b-dd19b090adc2" condition="is">
        <Context document="Network" search="Network/RemoteIP" type="mir"/>
        <Content type="string">18.132.209.160</Content>
      </IndicatorItem>
      <IndicatorItem id="86866d76-062c-452b-b1d9-12488c24a037" condition="is">
        <Context document="Network" search="Network/RemoteIP" type="mir"/>
        <Content type="string">13.48.190.134</Content>
      </IndicatorItem>
      <IndicatorItem id="d35a1d54-acd3-4e58-bba2-dae7740a0022" condition="is">
        <Context document="Network" search="Network/RemoteIP" type="mir"/>
        <Content type="string">35.91.197.18</Content>
      </IndicatorItem>
      <IndicatorItem id="5ee02dc5-fb5b-43c4-b4e2-86f4fda857f6" condition="is">
        <Context document="Network" search="Network/RemoteIP" type="mir"/>
        <Content type="string">3.86.222.185</Content>
      </IndicatorItem>
      <IndicatorItem id="4e4d4f5c-3a3a-4df6-91b8-1cd7b95eeda5" condition="is">
        <Context document="Network" search="Network/RemoteIP" type="mir"/>
        <Content type="string">3.98.122.104</Content>
      </IndicatorItem>
      <IndicatorItem id="57395664-9770-4fbd-af2e-b2a32c6552b6" condition="is">
        <Context document="Network" search="Network/RemoteIP" type="mir"/>
        <Content type="string">15.168.133.112</Content>
      </IndicatorItem>
      <IndicatorItem id="aa86fda1-585e-4473-9bd5-92d4a14b6906" condition="is">
        <Context document="Network" search="Network/RemoteIP" type="mir"/>
        <Content type="string">18.141.25.24</Content>
      </IndicatorItem>
      <IndicatorItem id="042abee4-f2ff-45d6-a279-a652bd28dc7a" condition="is">
        <Context document="Network" search="Network/RemoteIP" type="mir"/>
        <Content type="string">44.248.201.244</Content>
      </IndicatorItem>
      <IndicatorItem id="889e207e-0bf9-411d-a34e-a1c60b7ae85b" condition="is">
        <Context document="Network" search="Network/RemoteIP" type="mir"/>
        <Content type="string">16.176.8.180</Content>
      </IndicatorItem>
      <IndicatorItem id="48fd0b99-34aa-49c1-9f3a-15965b7ed81a" condition="is">
        <Context document="Network" search="Network/RemoteIP" type="mir"/>
        <Content type="string">13.60.172.205</Content>
      </IndicatorItem>
      <IndicatorItem id="b0bf4425-55df-4602-ab93-662069a74b22" condition="is">
        <Context document="Network" search="Network/RemoteIP" type="mir"/>
        <Content type="string">18.142.159.250</Content>
      </IndicatorItem>
      <IndicatorItem id="6d9ba24a-fdc8-4813-bd72-f858e1467525" condition="is">
        <Context document="Network" search="Network/RemoteIP" type="mir"/>
        <Content type="string">35.180.64.78</Content>
      </IndicatorItem>
      <IndicatorItem id="7fa9d85e-b1df-4e48-93c5-43b0778dc1f5" condition="is">
        <Context document="Network" search="Network/RemoteIP" type="mir"/>
        <Content type="string">108.129.227.167</Content>
      </IndicatorItem>
      <IndicatorItem id="42050659-dae7-49ba-9ede-bf0594e34f16" condition="is">
        <Context document="Network" search="Network/RemoteIP" type="mir"/>
        <Content type="string">13.233.38.198</Content>
      </IndicatorItem>
      <IndicatorItem id="cca42f86-e6a0-4275-a77d-09e9e873af66" condition="is">
        <Context document="Network" search="Network/RemoteIP" type="mir"/>
        <Content type="string">3.99.202.102</Content>
      </IndicatorItem>
      <IndicatorItem id="4387184a-fe29-4845-bbcf-d757573eea9f" condition="is">
        <Context document="Network" search="Network/RemoteIP" type="mir"/>
        <Content type="string">3.227.211.130</Content>
      </IndicatorItem>
      <IndicatorItem id="5f073218-815c-4f91-b1bf-e736b880dcd8" condition="is">
        <Context document="Network" search="Network/RemoteIP" type="mir"/>
        <Content type="string">43.203.147.146</Content>
      </IndicatorItem>
      <IndicatorItem id="0450bb4d-4426-4a94-9f3c-e3a5ec22c103" condition="is">
        <Context document="Network" search="Network/RemoteIP" type="mir"/>
        <Content type="string">13.232.95.58</Content>
      </IndicatorItem>
      <IndicatorItem id="564b87ab-4b60-44b0-9c2b-8117f67c624f" condition="is">
        <Context document="Network" search="Network/RemoteIP" type="mir"/>
        <Content type="string">43.203.132.101</Content>
      </IndicatorItem>
      <IndicatorItem id="0d5f20e6-4b04-40a9-9f72-0dcd5b16aab0" condition="is">
        <Context document="Network" search="Network/RemoteIP" type="mir"/>
        <Content type="string">3.255.140.221</Content>
      </IndicatorItem>
      <IndicatorItem id="e5099f64-e11e-40a0-add4-387bc676ef83" condition="is">
        <Context document="Network" search="Network/RemoteIP" type="mir"/>
        <Content type="string">3.215.180.185</Content>
      </IndicatorItem>
      <IndicatorItem id="784f2b18-99e8-4943-9649-19a8b41e637c" condition="is">
        <Context document="Network" search="Network/RemoteIP" type="mir"/>
        <Content type="string">15.236.208.244</Content>
      </IndicatorItem>
      <IndicatorItem id="24f60a86-48f9-43bc-bdc2-8add0b6d8e00" condition="is">
        <Context document="Network" search="Network/RemoteIP" type="mir"/>
        <Content type="string">13.125.156.18</Content>
      </IndicatorItem>
      <IndicatorItem id="0c185374-bea6-487f-8304-7a95e29a0f19" condition="is">
        <Context document="Network" search="Network/RemoteIP" type="mir"/>
        <Content type="string">35.88.207.255</Content>
      </IndicatorItem>
      <IndicatorItem id="a5b3412a-5849-4df7-83aa-4febaf873701" condition="is">
        <Context document="Network" search="Network/RemoteIP" type="mir"/>
        <Content type="string">3.74.216.225</Content>
      </IndicatorItem>
      <IndicatorItem id="b1e91242-bf3a-41bf-8802-3371ee6be277" condition="is">
        <Context document="Network" search="Network/RemoteIP" type="mir"/>
        <Content type="string">56.155.34.93</Content>
      </IndicatorItem>
      <IndicatorItem id="ced2e1b9-88ab-4f90-ab41-bd4d620051cf" condition="is">
        <Context document="Network" search="Network/RemoteIP" type="mir"/>
        <Content type="string">54.245.144.190</Content>
      </IndicatorItem>
      <IndicatorItem id="4feb64db-2871-4c8b-89fd-84e2af857591" condition="is">
        <Context document="Network" search="Network/RemoteIP" type="mir"/>
        <Content type="string">13.213.18.153</Content>
      </IndicatorItem>
      <IndicatorItem id="bdf68fbb-65ee-4a02-b290-a7c43ed717f1" condition="is">
        <Context document="Network" search="Network/RemoteIP" type="mir"/>
        <Content type="string">13.38.72.63</Content>
      </IndicatorItem>
      <IndicatorItem id="2ec5823d-dadb-463f-abba-e182ddd18b9a" condition="is">
        <Context document="Network" search="Network/RemoteIP" type="mir"/>
        <Content type="string">18.175.188.17</Content>
      </IndicatorItem>
      <IndicatorItem id="e979a8be-0631-47c8-9964-fe57686ccbed" condition="is">
        <Context document="Network" search="Network/RemoteIP" type="mir"/>
        <Content type="string">54.158.6.247</Content>
      </IndicatorItem>
      <IndicatorItem id="84314917-9239-4906-bbc2-922af4fd3d58" condition="is">
        <Context document="Network" search="Network/RemoteIP" type="mir"/>
        <Content type="string">52.60.96.124</Content>
      </IndicatorItem>
      <IndicatorItem id="56cf1105-4488-46f8-8a0c-6733132948e1" condition="is">
        <Context document="Network" search="Network/RemoteIP" type="mir"/>
        <Content type="string">13.37.106.241</Content>
      </IndicatorItem>
      <IndicatorItem id="52a26df4-d5ac-4828-9e66-cf124f8bc6e3" condition="is">
        <Context document="Network" search="Network/RemoteIP" type="mir"/>
        <Content type="string">16.52.89.213</Content>
      </IndicatorItem>
      <IndicatorItem id="59fd9178-7ca9-4d25-80ac-bce8e3b049d9" condition="is">
        <Context document="Network" search="Network/RemoteIP" type="mir"/>
        <Content type="string">52.66.252.252</Content>
      </IndicatorItem>
      <IndicatorItem id="088459c9-13a9-4a35-a774-2466acfae608" condition="is">
        <Context document="Network" search="Network/RemoteIP" type="mir"/>
        <Content type="string">15.237.143.131</Content>
      </IndicatorItem>
    </Indicator>
  </definition>
</ioc>
